
Microsoft Visual Studio Solution File, Format Version 12.00
# Visual Studio Version 17
VisualStudioVersion = 17.4.33205.214
MinimumVisualStudioVersion = 10.0.40219.1
Project("{FAE04EC0-301F-11D3-BF4B-00C04F79EFBC}") = "SistemaLogin.App", "SistemaLogin.App\SistemaLogin.App.csproj", "{59FFF3A3-4551-436B-B8BC-FB69B053054C}"
EndProject
Project("{FAE04EC0-301F-11D3-BF4B-00C04F79EFBC}") = "SistemaLogin.App.Data", "SistemaLogin.App.Data\SistemaLogin.App.Data.csproj", "{15956BE2-6120-477F-8E29-20DCFCDE1E11}"
EndProject
Global
	GlobalSection(SolutionConfigurationPlatforms) = preSolution
		Debug|Any CPU = Debug|Any CPU
		Release|Any CPU = Release|Any CPU
	EndGlobalSection
	GlobalSection(ProjectConfigurationPlatforms) = postSolution
		{59FFF3A3-4551-436B-B8BC-FB69B053054C}.Debug|Any CPU.ActiveCfg = Debug|Any CPU
		{59FFF3A3-4551-436B-B8BC-FB69B053054C}.Debug|Any CPU.Build.0 = Debug|Any CPU
		{59FFF3A3-4551-436B-B8BC-FB69B053054C}.Release|Any CPU.ActiveCfg = Release|Any CPU
		{59FFF3A3-4551-436B-B8BC-FB69B053054C}.Release|Any CPU.Build.0 = Release|Any CPU
		{15956BE2-6120-477F-8E29-20DCFCDE1E11}.Debug|Any CPU.ActiveCfg = Debug|Any CPU
		{15956BE2-6120-477F-8E29-20DCFCDE1E11}.Debug|Any CPU.Build.0 = Debug|Any CPU
		{15956BE2-6120-477F-8E29-20DCFCDE1E11}.Release|Any CPU.ActiveCfg = Release|Any CPU
		{15956BE2-6120-477F-8E29-20DCFCDE1E11}.Release|Any CPU.Build.0 = Release|Any CPU
	EndGlobalSection
	GlobalSection(SolutionProperties) = preSolution
		HideSolutionNode = FALSE
	EndGlobalSection
	GlobalSection(ExtensibilityGlobals) = postSolution
		SolutionGuid = {EF8A3EE3-2020-4204-8A24-F6014D513F4B}
	EndGlobalSection
EndGlobal
